// !$*UTF8*$!
{
	archiveVersion = 1;
	classes = {
	};
	objectVersion = 56;
	objects = {

/* Begin PBXBuildFile section */
		7526452E2B27814D00FC9DB0 /* MainBodyView.swift in Sources */ = {isa = PBXBuildFile; fileRef = 7526452D2B27814D00FC9DB0 /* MainBodyView.swift */; };
		752645312B2784DF00FC9DB0 /* TextView.swift in Sources */ = {isa = PBXBuildFile; fileRef = 752645302B2784DF00FC9DB0 /* TextView.swift */; };
		752645332B27894C00FC9DB0 /* VStackView.swift in Sources */ = {isa = PBXBuildFile; fileRef = 752645322B27894C00FC9DB0 /* VStackView.swift */; };
		752645352B278AD600FC9DB0 /* AboutInfoTextView.swift in Sources */ = {isa = PBXBuildFile; fileRef = 752645342B278AD600FC9DB0 /* AboutInfoTextView.swift */; };
		758138572B22497B00369332 /* SearchBarView.swift in Sources */ = {isa = PBXBuildFile; fileRef = 758138562B22497B00369332 /* SearchBarView.swift */; };
		758C2CC12B220E53002F5AE3 /* GithubUserSearchApp.swift in Sources */ = {isa = PBXBuildFile; fileRef = 758C2CC02B220E53002F5AE3 /* GithubUserSearchApp.swift */; };
		758C2CC32B220E53002F5AE3 /* GithubUserSearchView.swift in Sources */ = {isa = PBXBuildFile; fileRef = 758C2CC22B220E53002F5AE3 /* GithubUserSearchView.swift */; };
		758C2CC52B220E54002F5AE3 /* Assets.xcassets in Resources */ = {isa = PBXBuildFile; fileRef = 758C2CC42B220E54002F5AE3 /* Assets.xcassets */; };
		758C2CC82B220E54002F5AE3 /* Preview Assets.xcassets in Resources */ = {isa = PBXBuildFile; fileRef = 758C2CC72B220E54002F5AE3 /* Preview Assets.xcassets */; };
		758C2CDC2B22142F002F5AE3 /* SpaceMono-Bold.ttf in Resources */ = {isa = PBXBuildFile; fileRef = 758C2CDB2B22142F002F5AE3 /* SpaceMono-Bold.ttf */; };
		758C2CDE2B221437002F5AE3 /* SpaceMono-Regular.ttf in Resources */ = {isa = PBXBuildFile; fileRef = 758C2CDD2B221437002F5AE3 /* SpaceMono-Regular.ttf */; };
		758C2CE32B221ACD002F5AE3 /* HeaderView.swift in Sources */ = {isa = PBXBuildFile; fileRef = 758C2CE22B221ACD002F5AE3 /* HeaderView.swift */; };
/* End PBXBuildFile section */

/* Begin PBXFileReference section */
		7526452D2B27814D00FC9DB0 /* MainBodyView.swift */ = {isa = PBXFileReference; lastKnownFileType = sourcecode.swift; path = MainBodyView.swift; sourceTree = "<group>"; };
		752645302B2784DF00FC9DB0 /* TextView.swift */ = {isa = PBXFileReference; lastKnownFileType = sourcecode.swift; path = TextView.swift; sourceTree = "<group>"; };
		752645322B27894C00FC9DB0 /* VStackView.swift */ = {isa = PBXFileReference; lastKnownFileType = sourcecode.swift; path = VStackView.swift; sourceTree = "<group>"; };
		752645342B278AD600FC9DB0 /* AboutInfoTextView.swift */ = {isa = PBXFileReference; lastKnownFileType = sourcecode.swift; path = AboutInfoTextView.swift; sourceTree = "<group>"; };
		758138562B22497B00369332 /* SearchBarView.swift */ = {isa = PBXFileReference; lastKnownFileType = sourcecode.swift; path = SearchBarView.swift; sourceTree = "<group>"; };
		758C2CBD2B220E53002F5AE3 /* GithubUserSearch.app */ = {isa = PBXFileReference; explicitFileType = wrapper.application; includeInIndex = 0; path = GithubUserSearch.app; sourceTree = BUILT_PRODUCTS_DIR; };
		758C2CC02B220E53002F5AE3 /* GithubUserSearchApp.swift */ = {isa = PBXFileReference; lastKnownFileType = sourcecode.swift; path = GithubUserSearchApp.swift; sourceTree = "<group>"; };
		758C2CC22B220E53002F5AE3 /* GithubUserSearchView.swift */ = {isa = PBXFileReference; lastKnownFileType = sourcecode.swift; path = GithubUserSearchView.swift; sourceTree = "<group>"; };
		758C2CC42B220E54002F5AE3 /* Assets.xcassets */ = {isa = PBXFileReference; lastKnownFileType = folder.assetcatalog; path = Assets.xcassets; sourceTree = "<group>"; };
		758C2CC72B220E54002F5AE3 /* Preview Assets.xcassets */ = {isa = PBXFileReference; lastKnownFileType = folder.assetcatalog; path = "Preview Assets.xcassets"; sourceTree = "<group>"; };
		758C2CDB2B22142F002F5AE3 /* SpaceMono-Bold.ttf */ = {isa = PBXFileReference; lastKnownFileType = file; path = "SpaceMono-Bold.ttf"; sourceTree = "<group>"; };
		758C2CDD2B221437002F5AE3 /* SpaceMono-Regular.ttf */ = {isa = PBXFileReference; lastKnownFileType = file; path = "SpaceMono-Regular.ttf"; sourceTree = "<group>"; };
		758C2CDF2B221462002F5AE3 /* Info.plist */ = {isa = PBXFileReference; lastKnownFileType = text.plist.xml; path = Info.plist; sourceTree = "<group>"; };
		758C2CE22B221ACD002F5AE3 /* HeaderView.swift */ = {isa = PBXFileReference; lastKnownFileType = sourcecode.swift; path = HeaderView.swift; sourceTree = "<group>"; };
/* End PBXFileReference section */

/* Begin PBXFrameworksBuildPhase section */
		758C2CBA2B220E53002F5AE3 /* Frameworks */ = {
			isa = PBXFrameworksBuildPhase;
			buildActionMask = 2147483647;
			files = (
			);
			runOnlyForDeploymentPostprocessing = 0;
		};
/* End PBXFrameworksBuildPhase section */

/* Begin PBXGroup section */
		7526452F2B2784D300FC9DB0 /* Shared */ = {
			isa = PBXGroup;
			children = (
				752645302B2784DF00FC9DB0 /* TextView.swift */,
				752645322B27894C00FC9DB0 /* VStackView.swift */,
				752645342B278AD600FC9DB0 /* AboutInfoTextView.swift */,
			);
			path = Shared;
			sourceTree = "<group>";
		};
		758C2CB42B220E53002F5AE3 = {
			isa = PBXGroup;
			children = (
				758C2CBF2B220E53002F5AE3 /* GithubUserSearch */,
				758C2CBE2B220E53002F5AE3 /* Products */,
			);
			sourceTree = "<group>";
		};
		758C2CBE2B220E53002F5AE3 /* Products */ = {
			isa = PBXGroup;
			children = (
				758C2CBD2B220E53002F5AE3 /* GithubUserSearch.app */,
			);
			name = Products;
			sourceTree = "<group>";
		};
		758C2CBF2B220E53002F5AE3 /* GithubUserSearch */ = {
			isa = PBXGroup;
			children = (
				758C2CC02B220E53002F5AE3 /* GithubUserSearchApp.swift */,
				758C2CC22B220E53002F5AE3 /* GithubUserSearchView.swift */,
				758C2CE12B221AC2002F5AE3 /* Views */,
				758C2CE02B22187E002F5AE3 /* Resources */,
				758C2CC62B220E54002F5AE3 /* Preview Content */,
				758C2CDF2B221462002F5AE3 /* Info.plist */,
			);
			path = GithubUserSearch;
			sourceTree = "<group>";
		};
		758C2CC62B220E54002F5AE3 /* Preview Content */ = {
			isa = PBXGroup;
			children = (
				758C2CC72B220E54002F5AE3 /* Preview Assets.xcassets */,
			);
			path = "Preview Content";
			sourceTree = "<group>";
		};
		758C2CDA2B221424002F5AE3 /* Font */ = {
			isa = PBXGroup;
			children = (
				758C2CDD2B221437002F5AE3 /* SpaceMono-Regular.ttf */,
				758C2CDB2B22142F002F5AE3 /* SpaceMono-Bold.ttf */,
			);
			path = Font;
			sourceTree = "<group>";
		};
		758C2CE02B22187E002F5AE3 /* Resources */ = {
			isa = PBXGroup;
			children = (
				758C2CDA2B221424002F5AE3 /* Font */,
				758C2CC42B220E54002F5AE3 /* Assets.xcassets */,
			);
			path = Resources;
			sourceTree = "<group>";
		};
		758C2CE12B221AC2002F5AE3 /* Views */ = {
			isa = PBXGroup;
			children = (
				7526452F2B2784D300FC9DB0 /* Shared */,
				758C2CE22B221ACD002F5AE3 /* HeaderView.swift */,
				758138562B22497B00369332 /* SearchBarView.swift */,
				7526452D2B27814D00FC9DB0 /* MainBodyView.swift */,
			);
			path = Views;
			sourceTree = "<group>";
		};
/* End PBXGroup section */

/* Begin PBXNativeTarget section */
		758C2CBC2B220E53002F5AE3 /* GithubUserSearch */ = {
			isa = PBXNativeTarget;
			buildConfigurationList = 758C2CCB2B220E54002F5AE3 /* Build configuration list for PBXNativeTarget "GithubUserSearch" */;
			buildPhases = (
				758C2CB92B220E53002F5AE3 /* Sources */,
				758C2CBA2B220E53002F5AE3 /* Frameworks */,
				758C2CBB2B220E53002F5AE3 /* Resources */,
			);
			buildRules = (
			);
			dependencies = (
			);
			name = GithubUserSearch;
			productName = GithubUserSearch;
			productReference = 758C2CBD2B220E53002F5AE3 /* GithubUserSearch.app */;
			productType = "com.apple.product-type.application";
		};
/* End PBXNativeTarget section */

/* Begin PBXProject section */
		758C2CB52B220E53002F5AE3 /* Project object */ = {
			isa = PBXProject;
			attributes = {
				BuildIndependentTargetsInParallel = 1;
				LastSwiftUpdateCheck = 1500;
				LastUpgradeCheck = 1500;
				TargetAttributes = {
					758C2CBC2B220E53002F5AE3 = {
						CreatedOnToolsVersion = 15.0.1;
					};
				};
			};
			buildConfigurationList = 758C2CB82B220E53002F5AE3 /* Build configuration list for PBXProject "GithubUserSearch" */;
			compatibilityVersion = "Xcode 14.0";
			developmentRegion = en;
			hasScannedForEncodings = 0;
			knownRegions = (
				en,
				Base,
			);
			mainGroup = 758C2CB42B220E53002F5AE3;
			productRefGroup = 758C2CBE2B220E53002F5AE3 /* Products */;
			projectDirPath = "";
			projectRoot = "";
			targets = (
				758C2CBC2B220E53002F5AE3 /* GithubUserSearch */,
			);
		};
/* End PBXProject section */

/* Begin PBXResourcesBuildPhase section */
		758C2CBB2B220E53002F5AE3 /* Resources */ = {
			isa = PBXResourcesBuildPhase;
			buildActionMask = 2147483647;
			files = (
				758C2CC82B220E54002F5AE3 /* Preview Assets.xcassets in Resources */,
				758C2CDE2B221437002F5AE3 /* SpaceMono-Regular.ttf in Resources */,
				758C2CDC2B22142F002F5AE3 /* SpaceMono-Bold.ttf in Resources */,
				758C2CC52B220E54002F5AE3 /* Assets.xcassets in Resources */,
			);
			runOnlyForDeploymentPostprocessing = 0;
		};
/* End PBXResourcesBuildPhase section */

/* Begin PBXSourcesBuildPhase section */
		758C2CB92B220E53002F5AE3 /* Sources */ = {
			isa = PBXSourcesBuildPhase;
			buildActionMask = 2147483647;
			files = (
				758138572B22497B00369332 /* SearchBarView.swift in Sources */,
				758C2CC32B220E53002F5AE3 /* GithubUserSearchView.swift in Sources */,
				752645352B278AD600FC9DB0 /* AboutInfoTextView.swift in Sources */,
				758C2CE32B221ACD002F5AE3 /* HeaderView.swift in Sources */,
				752645332B27894C00FC9DB0 /* VStackView.swift in Sources */,
				752645312B2784DF00FC9DB0 /* TextView.swift in Sources */,
				758C2CC12B220E53002F5AE3 /* GithubUserSearchApp.swift in Sources */,
				7526452E2B27814D00FC9DB0 /* MainBodyView.swift in Sources */,
			);
			runOnlyForDeploymentPostprocessing = 0;
		};
/* End PBXSourcesBuildPhase section */

/* Begin XCBuildConfiguration section */
		758C2CC92B220E54002F5AE3 /* Debug */ = {
			isa = XCBuildConfiguration;
			buildSettings = {
				ALWAYS_SEARCH_USER_PATHS = NO;
				ASSETCATALOG_COMPILER_GENERATE_SWIFT_ASSET_SYMBOL_EXTENSIONS = YES;
				CLANG_ANALYZER_NONNULL = YES;
				CLANG_ANALYZER_NUMBER_OBJECT_CONVERSION = YES_AGGRESSIVE;
				CLANG_CXX_LANGUAGE_STANDARD = "gnu++20";
				CLANG_ENABLE_MODULES = YES;
				CLANG_ENABLE_OBJC_ARC = YES;
				CLANG_ENABLE_OBJC_WEAK = YES;
				CLANG_WARN_BLOCK_CAPTURE_AUTORELEASING = YES;
				CLANG_WARN_BOOL_CONVERSION = YES;
				CLANG_WARN_COMMA = YES;
				CLANG_WARN_CONSTANT_CONVERSION = YES;
				CLANG_WARN_DEPRECATED_OBJC_IMPLEMENTATIONS = YES;
				CLANG_WARN_DIRECT_OBJC_ISA_USAGE = YES_ERROR;
				CLANG_WARN_DOCUMENTATION_COMMENTS = YES;
				CLANG_WARN_EMPTY_BODY = YES;
				CLANG_WARN_ENUM_CONVERSION = YES;
				CLANG_WARN_INFINITE_RECURSION = YES;
				CLANG_WARN_INT_CONVERSION = YES;
				CLANG_WARN_NON_LITERAL_NULL_CONVERSION = YES;
				CLANG_WARN_OBJC_IMPLICIT_RETAIN_SELF = YES;
				CLANG_WARN_OBJC_LITERAL_CONVERSION = YES;
				CLANG_WARN_OBJC_ROOT_CLASS = YES_ERROR;
				CLANG_WARN_QUOTED_INCLUDE_IN_FRAMEWORK_HEADER = YES;
				CLANG_WARN_RANGE_LOOP_ANALYSIS = YES;
				CLANG_WARN_STRICT_PROTOTYPES = YES;
				CLANG_WARN_SUSPICIOUS_MOVE = YES;
				CLANG_WARN_UNGUARDED_AVAILABILITY = YES_AGGRESSIVE;
				CLANG_WARN_UNREACHABLE_CODE = YES;
				CLANG_WARN__DUPLICATE_METHOD_MATCH = YES;
				COPY_PHASE_STRIP = NO;
				DEBUG_INFORMATION_FORMAT = dwarf;
				ENABLE_STRICT_OBJC_MSGSEND = YES;
				ENABLE_TESTABILITY = YES;
				ENABLE_USER_SCRIPT_SANDBOXING = YES;
				GCC_C_LANGUAGE_STANDARD = gnu17;
				GCC_DYNAMIC_NO_PIC = NO;
				GCC_NO_COMMON_BLOCKS = YES;
				GCC_OPTIMIZATION_LEVEL = 0;
				GCC_PREPROCESSOR_DEFINITIONS = (
					"DEBUG=1",
					"$(inherited)",
				);
				GCC_WARN_64_TO_32_BIT_CONVERSION = YES;
				GCC_WARN_ABOUT_RETURN_TYPE = YES_ERROR;
				GCC_WARN_UNDECLARED_SELECTOR = YES;
				GCC_WARN_UNINITIALIZED_AUTOS = YES_AGGRESSIVE;
				GCC_WARN_UNUSED_FUNCTION = YES;
				GCC_WARN_UNUSED_VARIABLE = YES;
				IPHONEOS_DEPLOYMENT_TARGET = 17.0;
				LOCALIZATION_PREFERS_STRING_CATALOGS = YES;
				MTL_ENABLE_DEBUG_INFO = INCLUDE_SOURCE;
				MTL_FAST_MATH = YES;
				ONLY_ACTIVE_ARCH = YES;
				SDKROOT = iphoneos;
				SWIFT_ACTIVE_COMPILATION_CONDITIONS = "DEBUG $(inherited)";
				SWIFT_OPTIMIZATION_LEVEL = "-Onone";
			};
			name = Debug;
		};
		758C2CCA2B220E54002F5AE3 /* Release */ = {
			isa = XCBuildConfiguration;
			buildSettings = {
				ALWAYS_SEARCH_USER_PATHS = NO;
				ASSETCATALOG_COMPILER_GENERATE_SWIFT_ASSET_SYMBOL_EXTENSIONS = YES;
				CLANG_ANALYZER_NONNULL = YES;
				CLANG_ANALYZER_NUMBER_OBJECT_CONVERSION = YES_AGGRESSIVE;
				CLANG_CXX_LANGUAGE_STANDARD = "gnu++20";
				CLANG_ENABLE_MODULES = YES;
				CLANG_ENABLE_OBJC_ARC = YES;
				CLANG_ENABLE_OBJC_WEAK = YES;
				CLANG_WARN_BLOCK_CAPTURE_AUTORELEASING = YES;
				CLANG_WARN_BOOL_CONVERSION = YES;
				CLANG_WARN_COMMA = YES;
				CLANG_WARN_CONSTANT_CONVERSION = YES;
				CLANG_WARN_DEPRECATED_OBJC_IMPLEMENTATIONS = YES;
				CLANG_WARN_DIRECT_OBJC_ISA_USAGE = YES_ERROR;
				CLANG_WARN_DOCUMENTATION_COMMENTS = YES;
				CLANG_WARN_EMPTY_BODY = YES;
				CLANG_WARN_ENUM_CONVERSION = YES;
				CLANG_WARN_INFINITE_RECURSION = YES;
				CLANG_WARN_INT_CONVERSION = YES;
				CLANG_WARN_NON_LITERAL_NULL_CONVERSION = YES;
				CLANG_WARN_OBJC_IMPLICIT_RETAIN_SELF = YES;
				CLANG_WARN_OBJC_LITERAL_CONVERSION = YES;
				CLANG_WARN_OBJC_ROOT_CLASS = YES_ERROR;
				CLANG_WARN_QUOTED_INCLUDE_IN_FRAMEWORK_HEADER = YES;
				CLANG_WARN_RANGE_LOOP_ANALYSIS = YES;
				CLANG_WARN_STRICT_PROTOTYPES = YES;
				CLANG_WARN_SUSPICIOUS_MOVE = YES;
				CLANG_WARN_UNGUARDED_AVAILABILITY = YES_AGGRESSIVE;
				CLANG_WARN_UNREACHABLE_CODE = YES;
				CLANG_WARN__DUPLICATE_METHOD_MATCH = YES;
				COPY_PHASE_STRIP = NO;
				DEBUG_INFORMATION_FORMAT = "dwarf-with-dsym";
				ENABLE_NS_ASSERTIONS = NO;
				ENABLE_STRICT_OBJC_MSGSEND = YES;
				ENABLE_USER_SCRIPT_SANDBOXING = YES;
				GCC_C_LANGUAGE_STANDARD = gnu17;
				GCC_NO_COMMON_BLOCKS = YES;
				GCC_WARN_64_TO_32_BIT_CONVERSION = YES;
				GCC_WARN_ABOUT_RETURN_TYPE = YES_ERROR;
				GCC_WARN_UNDECLARED_SELECTOR = YES;
				GCC_WARN_UNINITIALIZED_AUTOS = YES_AGGRESSIVE;
				GCC_WARN_UNUSED_FUNCTION = YES;
				GCC_WARN_UNUSED_VARIABLE = YES;
				IPHONEOS_DEPLOYMENT_TARGET = 17.0;
				LOCALIZATION_PREFERS_STRING_CATALOGS = YES;
				MTL_ENABLE_DEBUG_INFO = NO;
				MTL_FAST_MATH = YES;
				SDKROOT = iphoneos;
				SWIFT_COMPILATION_MODE = wholemodule;
				VALIDATE_PRODUCT = YES;
			};
			name = Release;
		};
		758C2CCC2B220E54002F5AE3 /* Debug */ = {
			isa = XCBuildConfiguration;
			buildSettings = {
				ASSETCATALOG_COMPILER_APPICON_NAME = AppIcon;
				ASSETCATALOG_COMPILER_GLOBAL_ACCENT_COLOR_NAME = AccentColor;
				CODE_SIGN_STYLE = Automatic;
				CURRENT_PROJECT_VERSION = 1;
				DEVELOPMENT_ASSET_PATHS = "\"GithubUserSearch/Preview Content\"";
				ENABLE_PREVIEWS = YES;
				GENERATE_INFOPLIST_FILE = YES;
				INFOPLIST_FILE = GithubUserSearch/Info.plist;
				INFOPLIST_KEY_UIApplicationSceneManifest_Generation = YES;
				INFOPLIST_KEY_UIApplicationSupportsIndirectInputEvents = YES;
				INFOPLIST_KEY_UILaunchScreen_Generation = YES;
				INFOPLIST_KEY_UISupportedInterfaceOrientations_iPad = "UIInterfaceOrientationPortrait UIInterfaceOrientationPortraitUpsideDown UIInterfaceOrientationLandscapeLeft UIInterfaceOrientationLandscapeRight";
				INFOPLIST_KEY_UISupportedInterfaceOrientations_iPhone = "UIInterfaceOrientationPortrait UIInterfaceOrientationLandscapeLeft UIInterfaceOrientationLandscapeRight";
				LD_RUNPATH_SEARCH_PATHS = (
					"$(inherited)",
					"@executable_path/Frameworks",
				);
				MARKETING_VERSION = 1.0;
				PRODUCT_BUNDLE_IDENTIFIER = com.Void.GithubUserSearch;
				PRODUCT_NAME = "$(TARGET_NAME)";
				SWIFT_EMIT_LOC_STRINGS = YES;
				SWIFT_VERSION = 5.0;
				TARGETED_DEVICE_FAMILY = "1,2";
			};
			name = Debug;
		};
		758C2CCD2B220E54002F5AE3 /* Release */ = {
			isa = XCBuildConfiguration;
			buildSettings = {
				ASSETCATALOG_COMPILER_APPICON_NAME = AppIcon;
				ASSETCATALOG_COMPILER_GLOBAL_ACCENT_COLOR_NAME = AccentColor;
				CODE_SIGN_STYLE = Automatic;
				CURRENT_PROJECT_VERSION = 1;
				DEVELOPMENT_ASSET_PATHS = "\"GithubUserSearch/Preview Content\"";
				ENABLE_PREVIEWS = YES;
				GENERATE_INFOPLIST_FILE = YES;
				INFOPLIST_FILE = GithubUserSearch/Info.plist;
				INFOPLIST_KEY_UIApplicationSceneManifest_Generation = YES;
				INFOPLIST_KEY_UIApplicationSupportsIndirectInputEvents = YES;
				INFOPLIST_KEY_UILaunchScreen_Generation = YES;
				INFOPLIST_KEY_UISupportedInterfaceOrientations_iPad = "UIInterfaceOrientationPortrait UIInterfaceOrientationPortraitUpsideDown UIInterfaceOrientationLandscapeLeft UIInterfaceOrientationLandscapeRight";
				INFOPLIST_KEY_UISupportedInterfaceOrientations_iPhone = "UIInterfaceOrientationPortrait UIInterfaceOrientationLandscapeLeft UIInterfaceOrientationLandscapeRight";
				LD_RUNPATH_SEARCH_PATHS = (
					"$(inherited)",
					"@executable_path/Frameworks",
				);
				MARKETING_VERSION = 1.0;
				PRODUCT_BUNDLE_IDENTIFIER = com.Void.GithubUserSearch;
				PRODUCT_NAME = "$(TARGET_NAME)";
				SWIFT_EMIT_LOC_STRINGS = YES;
				SWIFT_VERSION = 5.0;
				TARGETED_DEVICE_FAMILY = "1,2";
			};
			name = Release;
		};
/* End XCBuildConfiguration section */

/* Begin XCConfigurationList section */
		758C2CB82B220E53002F5AE3 /* Build configuration list for PBXProject "GithubUserSearch" */ = {
			isa = XCConfigurationList;
			buildConfigurations = (
				758C2CC92B220E54002F5AE3 /* Debug */,
				758C2CCA2B220E54002F5AE3 /* Release */,
			);
			defaultConfigurationIsVisible = 0;
			defaultConfigurationName = Release;
		};
		758C2CCB2B220E54002F5AE3 /* Build configuration list for PBXNativeTarget "GithubUserSearch" */ = {
			isa = XCConfigurationList;
			buildConfigurations = (
				758C2CCC2B220E54002F5AE3 /* Debug */,
				758C2CCD2B220E54002F5AE3 /* Release */,
			);
			defaultConfigurationIsVisible = 0;
			defaultConfigurationName = Release;
		};
/* End XCConfigurationList section */
	};
	rootObject = 758C2CB52B220E53002F5AE3 /* Project object */;
}
